// !$*UTF8*$!
{
	archiveVersion = 1;
	classes = {
	};
	objectVersion = 46;
	objects = {

/* Begin PBXBuildFile section */
		9B68F1001C7DA95B00D1FC85 /* AppDelegate.swift in Sources */ = {isa = PBXBuildFile; fileRef = 9B68F0FF1C7DA95B00D1FC85 /* AppDelegate.swift */; };
		9B68F1021C7DA95B00D1FC85 /* ViewController.swift in Sources */ = {isa = PBXBuildFile; fileRef = 9B68F1011C7DA95B00D1FC85 /* ViewController.swift */; };
		9B68F1051C7DA95B00D1FC85 /* Main.storyboard in Resources */ = {isa = PBXBuildFile; fileRef = 9B68F1031C7DA95B00D1FC85 /* Main.storyboard */; };
		9B68F1071C7DA95B00D1FC85 /* Assets.xcassets in Resources */ = {isa = PBXBuildFile; fileRef = 9B68F1061C7DA95B00D1FC85 /* Assets.xcassets */; };
		9B68F10A1C7DA95B00D1FC85 /* LaunchScreen.storyboard in Resources */ = {isa = PBXBuildFile; fileRef = 9B68F1081C7DA95B00D1FC85 /* LaunchScreen.storyboard */; };
		9B68F1151C7DA95B00D1FC85 /* ShareMediaTests.swift in Sources */ = {isa = PBXBuildFile; fileRef = 9B68F1141C7DA95B00D1FC85 /* ShareMediaTests.swift */; };
		9B68F1201C7DA95B00D1FC85 /* ShareMediaUITests.swift in Sources */ = {isa = PBXBuildFile; fileRef = 9B68F11F1C7DA95B00D1FC85 /* ShareMediaUITests.swift */; };
		9B68F12E1C7DA99A00D1FC85 /* SocialShareButton.swift in Sources */ = {isa = PBXBuildFile; fileRef = 9B68F12D1C7DA99A00D1FC85 /* SocialShareButton.swift */; };
		9B68F1301C7DB30900D1FC85 /* logo.jpg in Resources */ = {isa = PBXBuildFile; fileRef = 9B68F12F1C7DB30900D1FC85 /* logo.jpg */; };
/* End PBXBuildFile section */

/* Begin PBXContainerItemProxy section */
		9B68F1111C7DA95B00D1FC85 /* PBXContainerItemProxy */ = {
			isa = PBXContainerItemProxy;
			containerPortal = 9B68F0F41C7DA95A00D1FC85 /* Project object */;
			proxyType = 1;
			remoteGlobalIDString = 9B68F0FB1C7DA95A00D1FC85;
			remoteInfo = ShareMedia;
		};
		9B68F11C1C7DA95B00D1FC85 /* PBXContainerItemProxy */ = {
			isa = PBXContainerItemProxy;
			containerPortal = 9B68F0F41C7DA95A00D1FC85 /* Project object */;
			proxyType = 1;
			remoteGlobalIDString = 9B68F0FB1C7DA95A00D1FC85;
			remoteInfo = ShareMedia;
		};
/* End PBXContainerItemProxy section */

/* Begin PBXFileReference section */
		9B68F0FC1C7DA95A00D1FC85 /* ShareMedia.app */ = {isa = PBXFileReference; explicitFileType = wrapper.application; includeInIndex = 0; path = ShareMedia.app; sourceTree = BUILT_PRODUCTS_DIR; };
		9B68F0FF1C7DA95B00D1FC85 /* AppDelegate.swift */ = {isa = PBXFileReference; lastKnownFileType = sourcecode.swift; path = AppDelegate.swift; sourceTree = "<group>"; };
		9B68F1011C7DA95B00D1FC85 /* ViewController.swift */ = {isa = PBXFileReference; lastKnownFileType = sourcecode.swift; path = ViewController.swift; sourceTree = "<group>"; };
		9B68F1041C7DA95B00D1FC85 /* Base */ = {isa = PBXFileReference; lastKnownFileType = file.storyboard; name = Base; path = Base.lproj/Main.storyboard; sourceTree = "<group>"; };
		9B68F1061C7DA95B00D1FC85 /* Assets.xcassets */ = {isa = PBXFileReference; lastKnownFileType = folder.assetcatalog; path = Assets.xcassets; sourceTree = "<group>"; };
		9B68F1091C7DA95B00D1FC85 /* Base */ = {isa = PBXFileReference; lastKnownFileType = file.storyboard; name = Base; path = Base.lproj/LaunchScreen.storyboard; sourceTree = "<group>"; };
		9B68F10B1C7DA95B00D1FC85 /* Info.plist */ = {isa = PBXFileReference; lastKnownFileType = text.plist.xml; path = Info.plist; sourceTree = "<group>"; };
		9B68F1101C7DA95B00D1FC85 /* ShareMediaTests.xctest */ = {isa = PBXFileReference; explicitFileType = wrapper.cfbundle; includeInIndex = 0; path = ShareMediaTests.xctest; sourceTree = BUILT_PRODUCTS_DIR; };
		9B68F1141C7DA95B00D1FC85 /* ShareMediaTests.swift */ = {isa = PBXFileReference; lastKnownFileType = sourcecode.swift; path = ShareMediaTests.swift; sourceTree = "<group>"; };
		9B68F1161C7DA95B00D1FC85 /* Info.plist */ = {isa = PBXFileReference; lastKnownFileType = text.plist.xml; path = Info.plist; sourceTree = "<group>"; };
		9B68F11B1C7DA95B00D1FC85 /* ShareMediaUITests.xctest */ = {isa = PBXFileReference; explicitFileType = wrapper.cfbundle; includeInIndex = 0; path = ShareMediaUITests.xctest; sourceTree = BUILT_PRODUCTS_DIR; };
		9B68F11F1C7DA95B00D1FC85 /* ShareMediaUITests.swift */ = {isa = PBXFileReference; lastKnownFileType = sourcecode.swift; path = ShareMediaUITests.swift; sourceTree = "<group>"; };
		9B68F1211C7DA95B00D1FC85 /* Info.plist */ = {isa = PBXFileReference; lastKnownFileType = text.plist.xml; path = Info.plist; sourceTree = "<group>"; };
		9B68F12D1C7DA99A00D1FC85 /* SocialShareButton.swift */ = {isa = PBXFileReference; fileEncoding = 4; lastKnownFileType = sourcecode.swift; path = SocialShareButton.swift; sourceTree = "<group>"; };
		9B68F12F1C7DB30900D1FC85 /* logo.jpg */ = {isa = PBXFileReference; lastKnownFileType = image.jpeg; path = logo.jpg; sourceTree = "<group>"; };
/* End PBXFileReference section */

/* Begin PBXFrameworksBuildPhase section */
		9B68F0F91C7DA95A00D1FC85 /* Frameworks */ = {
			isa = PBXFrameworksBuildPhase;
			buildActionMask = 2147483647;
			files = (
			);
			runOnlyForDeploymentPostprocessing = 0;
		};
		9B68F10D1C7DA95B00D1FC85 /* Frameworks */ = {
			isa = PBXFrameworksBuildPhase;
			buildActionMask = 2147483647;
			files = (
			);
			runOnlyForDeploymentPostprocessing = 0;
		};
		9B68F1181C7DA95B00D1FC85 /* Frameworks */ = {
			isa = PBXFrameworksBuildPhase;
			buildActionMask = 2147483647;
			files = (
			);
			runOnlyForDeploymentPostprocessing = 0;
		};
/* End PBXFrameworksBuildPhase section */

/* Begin PBXGroup section */
		9B68F0F31C7DA95A00D1FC85 = {
			isa = PBXGroup;
			children = (
				9B68F0FE1C7DA95B00D1FC85 /* ShareMedia */,
				9B68F1131C7DA95B00D1FC85 /* ShareMediaTests */,
				9B68F11E1C7DA95B00D1FC85 /* ShareMediaUITests */,
				9B68F0FD1C7DA95A00D1FC85 /* Products */,
			);
			sourceTree = "<group>";
		};
		9B68F0FD1C7DA95A00D1FC85 /* Products */ = {
			isa = PBXGroup;
			children = (
				9B68F0FC1C7DA95A00D1FC85 /* ShareMedia.app */,
				9B68F1101C7DA95B00D1FC85 /* ShareMediaTests.xctest */,
				9B68F11B1C7DA95B00D1FC85 /* ShareMediaUITests.xctest */,
			);
			name = Products;
			sourceTree = "<group>";
		};
		9B68F0FE1C7DA95B00D1FC85 /* ShareMedia */ = {
			isa = PBXGroup;
			children = (
				9B68F0FF1C7DA95B00D1FC85 /* AppDelegate.swift */,
				9B68F12F1C7DB30900D1FC85 /* logo.jpg */,
				9B68F12D1C7DA99A00D1FC85 /* SocialShareButton.swift */,
				9B68F1011C7DA95B00D1FC85 /* ViewController.swift */,
				9B68F1031C7DA95B00D1FC85 /* Main.storyboard */,
				9B68F1061C7DA95B00D1FC85 /* Assets.xcassets */,
				9B68F1081C7DA95B00D1FC85 /* LaunchScreen.storyboard */,
				9B68F10B1C7DA95B00D1FC85 /* Info.plist */,
			);
			path = ShareMedia;
			sourceTree = "<group>";
		};
		9B68F1131C7DA95B00D1FC85 /* ShareMediaTests */ = {
			isa = PBXGroup;
			children = (
				9B68F1141C7DA95B00D1FC85 /* ShareMediaTests.swift */,
				9B68F1161C7DA95B00D1FC85 /* Info.plist */,
			);
			path = ShareMediaTests;
			sourceTree = "<group>";
		};
		9B68F11E1C7DA95B00D1FC85 /* ShareMediaUITests */ = {
			isa = PBXGroup;
			children = (
				9B68F11F1C7DA95B00D1FC85 /* ShareMediaUITests.swift */,
				9B68F1211C7DA95B00D1FC85 /* Info.plist */,
			);
			path = ShareMediaUITests;
			sourceTree = "<group>";
		};
/* End PBXGroup section */

/* Begin PBXNativeTarget section */
		9B68F0FB1C7DA95A00D1FC85 /* ShareMedia */ = {
			isa = PBXNativeTarget;
			buildConfigurationList = 9B68F1241C7DA95B00D1FC85 /* Build configuration list for PBXNativeTarget "ShareMedia" */;
			buildPhases = (
				9B68F0F81C7DA95A00D1FC85 /* Sources */,
				9B68F0F91C7DA95A00D1FC85 /* Frameworks */,
				9B68F0FA1C7DA95A00D1FC85 /* Resources */,
			);
			buildRules = (
			);
			dependencies = (
			);
			name = ShareMedia;
			productName = ShareMedia;
			productReference = 9B68F0FC1C7DA95A00D1FC85 /* ShareMedia.app */;
			productType = "com.apple.product-type.application";
		};
		9B68F10F1C7DA95B00D1FC85 /* ShareMediaTests */ = {
			isa = PBXNativeTarget;
			buildConfigurationList = 9B68F1271C7DA95B00D1FC85 /* Build configuration list for PBXNativeTarget "ShareMediaTests" */;
			buildPhases = (
				9B68F10C1C7DA95B00D1FC85 /* Sources */,
				9B68F10D1C7DA95B00D1FC85 /* Frameworks */,
				9B68F10E1C7DA95B00D1FC85 /* Resources */,
			);
			buildRules = (
			);
			dependencies = (
				9B68F1121C7DA95B00D1FC85 /* PBXTargetDependency */,
			);
			name = ShareMediaTests;
			productName = ShareMediaTests;
			productReference = 9B68F1101C7DA95B00D1FC85 /* ShareMediaTests.xctest */;
			productType = "com.apple.product-type.bundle.unit-test";
		};
		9B68F11A1C7DA95B00D1FC85 /* ShareMediaUITests */ = {
			isa = PBXNativeTarget;
			buildConfigurationList = 9B68F12A1C7DA95B00D1FC85 /* Build configuration list for PBXNativeTarget "ShareMediaUITests" */;
			buildPhases = (
				9B68F1171C7DA95B00D1FC85 /* Sources */,
				9B68F1181C7DA95B00D1FC85 /* Frameworks */,
				9B68F1191C7DA95B00D1FC85 /* Resources */,
			);
			buildRules = (
			);
			dependencies = (
				9B68F11D1C7DA95B00D1FC85 /* PBXTargetDependency */,
			);
			name = ShareMediaUITests;
			productName = ShareMediaUITests;
			productReference = 9B68F11B1C7DA95B00D1FC85 /* ShareMediaUITests.xctest */;
			productType = "com.apple.product-type.bundle.ui-testing";
		};
/* End PBXNativeTarget section */

/* Begin PBXProject section */
		9B68F0F41C7DA95A00D1FC85 /* Project object */ = {
			isa = PBXProject;
			attributes = {
				LastSwiftUpdateCheck = 0720;
				LastUpgradeCheck = 0720;
				ORGANIZATIONNAME = EkambaramE;
				TargetAttributes = {
					9B68F0FB1C7DA95A00D1FC85 = {
						CreatedOnToolsVersion = 7.2;
					};
					9B68F10F1C7DA95B00D1FC85 = {
						CreatedOnToolsVersion = 7.2;
						TestTargetID = 9B68F0FB1C7DA95A00D1FC85;
					};
					9B68F11A1C7DA95B00D1FC85 = {
						CreatedOnToolsVersion = 7.2;
						TestTargetID = 9B68F0FB1C7DA95A00D1FC85;
					};
				};
			};
			buildConfigurationList = 9B68F0F71C7DA95A00D1FC85 /* Build configuration list for PBXProject "ShareMedia" */;
			compatibilityVersion = "Xcode 3.2";
			developmentRegion = English;
			hasScannedForEncodings = 0;
			knownRegions = (
				en,
				Base,
			);
			mainGroup = 9B68F0F31C7DA95A00D1FC85;
			productRefGroup = 9B68F0FD1C7DA95A00D1FC85 /* Products */;
			projectDirPath = "";
			projectRoot = "";
			targets = (
				9B68F0FB1C7DA95A00D1FC85 /* ShareMedia */,
				9B68F10F1C7DA95B00D1FC85 /* ShareMediaTests */,
				9B68F11A1C7DA95B00D1FC85 /* ShareMediaUITests */,
			);
		};
/* End PBXProject section */

/* Begin PBXResourcesBuildPhase section */
		9B68F0FA1C7DA95A00D1FC85 /* Resources */ = {
			isa = PBXResourcesBuildPhase;
			buildActionMask = 2147483647;
			files = (
				9B68F1301C7DB30900D1FC85 /* logo.jpg in Resources */,
				9B68F10A1C7DA95B00D1FC85 /* LaunchScreen.storyboard in Resources */,
				9B68F1071C7DA95B00D1FC85 /* Assets.xcassets in Resources */,
				9B68F1051C7DA95B00D1FC85 /* Main.storyboard in Resources */,
			);
			runOnlyForDeploymentPostprocessing = 0;
		};
		9B68F10E1C7DA95B00D1FC85 /* Resources */ = {
			isa = PBXResourcesBuildPhase;
			buildActionMask = 2147483647;
			files = (
			);
			runOnlyForDeploymentPostprocessing = 0;
		};
		9B68F1191C7DA95B00D1FC85 /* Resources */ = {
			isa = PBXResourcesBuildPhase;
			buildActionMask = 2147483647;
			files = (
			);
			runOnlyForDeploymentPostprocessing = 0;
		};
/* End PBXResourcesBuildPhase section */

/* Begin PBXSourcesBuildPhase section */
		9B68F0F81C7DA95A00D1FC85 /* Sources */ = {
			isa = PBXSourcesBuildPhase;
			buildActionMask = 2147483647;
			files = (
				9B68F12E1C7DA99A00D1FC85 /* SocialShareButton.swift in Sources */,
				9B68F1021C7DA95B00D1FC85 /* ViewController.swift in Sources */,
				9B68F1001C7DA95B00D1FC85 /* AppDelegate.swift in Sources */,
			);
			runOnlyForDeploymentPostprocessing = 0;
		};
		9B68F10C1C7DA95B00D1FC85 /* Sources */ = {
			isa = PBXSourcesBuildPhase;
			buildActionMask = 2147483647;
			files = (
				9B68F1151C7DA95B00D1FC85 /* ShareMediaTests.swift in Sources */,
			);
			runOnlyForDeploymentPostprocessing = 0;
		};
		9B68F1171C7DA95B00D1FC85 /* Sources */ = {
			isa = PBXSourcesBuildPhase;
			buildActionMask = 2147483647;
			files = (
				9B68F1201C7DA95B00D1FC85 /* ShareMediaUITests.swift in Sources */,
			);
			runOnlyForDeploymentPostprocessing = 0;
		};
/* End PBXSourcesBuildPhase section */

/* Begin PBXTargetDependency section */
		9B68F1121C7DA95B00D1FC85 /* PBXTargetDependency */ = {
			isa = PBXTargetDependency;
			target = 9B68F0FB1C7DA95A00D1FC85 /* ShareMedia */;
			targetProxy = 9B68F1111C7DA95B00D1FC85 /* PBXContainerItemProxy */;
		};
		9B68F11D1C7DA95B00D1FC85 /* PBXTargetDependency */ = {
			isa = PBXTargetDependency;
			target = 9B68F0FB1C7DA95A00D1FC85 /* ShareMedia */;
			targetProxy = 9B68F11C1C7DA95B00D1FC85 /* PBXContainerItemProxy */;
		};
/* End PBXTargetDependency section */

/* Begin PBXVariantGroup section */
		9B68F1031C7DA95B00D1FC85 /* Main.storyboard */ = {
			isa = PBXVariantGroup;
			children = (
				9B68F1041C7DA95B00D1FC85 /* Base */,
			);
			name = Main.storyboard;
			sourceTree = "<group>";
		};
		9B68F1081C7DA95B00D1FC85 /* LaunchScreen.storyboard */ = {
			isa = PBXVariantGroup;
			children = (
				9B68F1091C7DA95B00D1FC85 /* Base */,
			);
			name = LaunchScreen.storyboard;
			sourceTree = "<group>";
		};
/* End PBXVariantGroup section */

/* Begin XCBuildConfiguration section */
		9B68F1221C7DA95B00D1FC85 /* Debug */ = {
			isa = XCBuildConfiguration;
			buildSettings = {
				ALWAYS_SEARCH_USER_PATHS = NO;
				CLANG_CXX_LANGUAGE_STANDARD = "gnu++0x";
				CLANG_CXX_LIBRARY = "libc++";
				CLANG_ENABLE_MODULES = YES;
				CLANG_ENABLE_OBJC_ARC = YES;
				CLANG_WARN_BOOL_CONVERSION = YES;
				CLANG_WARN_CONSTANT_CONVERSION = YES;
				CLANG_WARN_DIRECT_OBJC_ISA_USAGE = YES_ERROR;
				CLANG_WARN_EMPTY_BODY = YES;
				CLANG_WARN_ENUM_CONVERSION = YES;
				CLANG_WARN_INT_CONVERSION = YES;
				CLANG_WARN_OBJC_ROOT_CLASS = YES_ERROR;
				CLANG_WARN_UNREACHABLE_CODE = YES;
				CLANG_WARN__DUPLICATE_METHOD_MATCH = YES;
				"CODE_SIGN_IDENTITY[sdk=iphoneos*]" = "iPhone Developer";
				COPY_PHASE_STRIP = NO;
				DEBUG_INFORMATION_FORMAT = dwarf;
				ENABLE_STRICT_OBJC_MSGSEND = YES;
				ENABLE_TESTABILITY = YES;
				GCC_C_LANGUAGE_STANDARD = gnu99;
				GCC_DYNAMIC_NO_PIC = NO;
				GCC_NO_COMMON_BLOCKS = YES;
				GCC_OPTIMIZATION_LEVEL = 0;
				GCC_PREPROCESSOR_DEFINITIONS = (
					"DEBUG=1",
					"$(inherited)",
				);
				GCC_WARN_64_TO_32_BIT_CONVERSION = YES;
				GCC_WARN_ABOUT_RETURN_TYPE = YES_ERROR;
				GCC_WARN_UNDECLARED_SELECTOR = YES;
				GCC_WARN_UNINITIALIZED_AUTOS = YES_AGGRESSIVE;
				GCC_WARN_UNUSED_FUNCTION = YES;
				GCC_WARN_UNUSED_VARIABLE = YES;
				IPHONEOS_DEPLOYMENT_TARGET = 9.2;
				MTL_ENABLE_DEBUG_INFO = YES;
				ONLY_ACTIVE_ARCH = YES;
				SDKROOT = iphoneos;
				SWIFT_OPTIMIZATION_LEVEL = "-Onone";
				TARGETED_DEVICE_FAMILY = "1,2";
			};
			name = Debug;
		};
		9B68F1231C7DA95B00D1FC85 /* Release */ = {
			isa = XCBuildConfiguration;
			buildSettings = {
				ALWAYS_SEARCH_USER_PATHS = NO;
				CLANG_CXX_LANGUAGE_STANDARD = "gnu++0x";
				CLANG_CXX_LIBRARY = "libc++";
				CLANG_ENABLE_MODULES = YES;
				CLANG_ENABLE_OBJC_ARC = YES;
				CLANG_WARN_BOOL_CONVERSION = YES;
				CLANG_WARN_CONSTANT_CONVERSION = YES;
				CLANG_WARN_DIRECT_OBJC_ISA_USAGE = YES_ERROR;
				CLANG_WARN_EMPTY_BODY = YES;
				CLANG_WARN_ENUM_CONVERSION = YES;
				CLANG_WARN_INT_CONVERSION = YES;
				CLANG_WARN_OBJC_ROOT_CLASS = YES_ERROR;
				CLANG_WARN_UNREACHABLE_CODE = YES;
				CLANG_WARN__DUPLICATE_METHOD_MATCH = YES;
				"CODE_SIGN_IDENTITY[sdk=iphoneos*]" = "iPhone Developer";
				COPY_PHASE_STRIP = NO;
				DEBUG_INFORMATION_FORMAT = "dwarf-with-dsym";
				ENABLE_NS_ASSERTIONS = NO;
				ENABLE_STRICT_OBJC_MSGSEND = YES;
				GCC_C_LANGUAGE_STANDARD = gnu99;
				GCC_NO_COMMON_BLOCKS = YES;
				GCC_WARN_64_TO_32_BIT_CONVERSION = YES;
				GCC_WARN_ABOUT_RETURN_TYPE = YES_ERROR;
				GCC_WARN_UNDECLARED_SELECTOR = YES;
				GCC_WARN_UNINITIALIZED_AUTOS = YES_AGGRESSIVE;
				GCC_WARN_UNUSED_FUNCTION = YES;
				GCC_WARN_UNUSED_VARIABLE = YES;
				IPHONEOS_DEPLOYMENT_TARGET = 9.2;
				MTL_ENABLE_DEBUG_INFO = NO;
				SDKROOT = iphoneos;
				TARGETED_DEVICE_FAMILY = "1,2";
				VALIDATE_PRODUCT = YES;
			};
			name = Release;
		};
		9B68F1251C7DA95B00D1FC85 /* Debug */ = {
			isa = XCBuildConfiguration;
			buildSettings = {
				ASSETCATALOG_COMPILER_APPICON_NAME = AppIcon;
				INFOPLIST_FILE = ShareMedia/Info.plist;
				LD_RUNPATH_SEARCH_PATHS = "$(inherited) @executable_path/Frameworks";
				PRODUCT_BUNDLE_IDENTIFIER = com.karya.services.ShareMedia;
				PRODUCT_NAME = "$(TARGET_NAME)";
			};
			name = Debug;
		};
		9B68F1261C7DA95B00D1FC85 /* Release */ = {
			isa = XCBuildConfiguration;
			buildSettings = {
				ASSETCATALOG_COMPILER_APPICON_NAME = AppIcon;
				INFOPLIST_FILE = ShareMedia/Info.plist;
				LD_RUNPATH_SEARCH_PATHS = "$(inherited) @executable_path/Frameworks";
				PRODUCT_BUNDLE_IDENTIFIER = com.karya.services.ShareMedia;
				PRODUCT_NAME = "$(TARGET_NAME)";
			};
			name = Release;
		};
		9B68F1281C7DA95B00D1FC85 /* Debug */ = {
			isa = XCBuildConfiguration;
			buildSettings = {
				BUNDLE_LOADER = "$(TEST_HOST)";
				INFOPLIST_FILE = ShareMediaTests/Info.plist;
				LD_RUNPATH_SEARCH_PATHS = "$(inherited) @executable_path/Frameworks @loader_path/Frameworks";
				PRODUCT_BUNDLE_IDENTIFIER = com.karya.services.ShareMediaTests;
				PRODUCT_NAME = "$(TARGET_NAME)";
				TEST_HOST = "$(BUILT_PRODUCTS_DIR)/ShareMedia.app/ShareMedia";
			};
			name = Debug;
		};
		9B68F1291C7DA95B00D1FC85 /* Release */ = {
			isa = XCBuildConfiguration;
			buildSettings = {
				BUNDLE_LOADER = "$(TEST_HOST)";
				INFOPLIST_FILE = ShareMediaTests/Info.plist;
				LD_RUNPATH_SEARCH_PATHS = "$(inherited) @executable_path/Frameworks @loader_path/Frameworks";
				PRODUCT_BUNDLE_IDENTIFIER = com.karya.services.ShareMediaTests;
				PRODUCT_NAME = "$(TARGET_NAME)";
				TEST_HOST = "$(BUILT_PRODUCTS_DIR)/ShareMedia.app/ShareMedia";
			};
			name = Release;
		};
		9B68F12B1C7DA95B00D1FC85 /* Debug */ = {
			isa = XCBuildConfiguration;
			buildSettings = {
				INFOPLIST_FILE = ShareMediaUITests/Info.plist;
				LD_RUNPATH_SEARCH_PATHS = "$(inherited) @executable_path/Frameworks @loader_path/Frameworks";
				PRODUCT_BUNDLE_IDENTIFIER = com.karya.services.ShareMediaUITests;
				PRODUCT_NAME = "$(TARGET_NAME)";
				TEST_TARGET_NAME = ShareMedia;
				USES_XCTRUNNER = YES;
			};
			name = Debug;
		};
		9B68F12C1C7DA95B00D1FC85 /* Release */ = {
			isa = XCBuildConfiguration;
			buildSettings = {
				INFOPLIST_FILE = ShareMediaUITests/Info.plist;
				LD_RUNPATH_SEARCH_PATHS = "$(inherited) @executable_path/Frameworks @loader_path/Frameworks";
				PRODUCT_BUNDLE_IDENTIFIER = com.karya.services.ShareMediaUITests;
				PRODUCT_NAME = "$(TARGET_NAME)";
				TEST_TARGET_NAME = ShareMedia;
				USES_XCTRUNNER = YES;
			};
			name = Release;
		};
/* End XCBuildConfiguration section */

/* Begin XCConfigurationList section */
		9B68F0F71C7DA95A00D1FC85 /* Build configuration list for PBXProject "ShareMedia" */ = {
			isa = XCConfigurationList;
			buildConfigurations = (
				9B68F1221C7DA95B00D1FC85 /* Debug */,
				9B68F1231C7DA95B00D1FC85 /* Release */,
			);
			defaultConfigurationIsVisible = 0;
			defaultConfigurationName = Release;
		};
		9B68F1241C7DA95B00D1FC85 /* Build configuration list for PBXNativeTarget "ShareMedia" */ = {
			isa = XCConfigurationList;
			buildConfigurations = (
				9B68F1251C7DA95B00D1FC85 /* Debug */,
				9B68F1261C7DA95B00D1FC85 /* Release */,
			);
			defaultConfigurationIsVisible = 0;
		};
		9B68F1271C7DA95B00D1FC85 /* Build configuration list for PBXNativeTarget "ShareMediaTests" */ = {
			isa = XCConfigurationList;
			buildConfigurations = (
				9B68F1281C7DA95B00D1FC85 /* Debug */,
				9B68F1291C7DA95B00D1FC85 /* Release */,
			);
			defaultConfigurationIsVisible = 0;
		};
		9B68F12A1C7DA95B00D1FC85 /* Build configuration list for PBXNativeTarget "ShareMediaUITests" */ = {
			isa = XCConfigurationList;
			buildConfigurations = (
				9B68F12B1C7DA95B00D1FC85 /* Debug */,
				9B68F12C1C7DA95B00D1FC85 /* Release */,
			);
			defaultConfigurationIsVisible = 0;
		};
/* End XCConfigurationList section */
	};
	rootObject = 9B68F0F41C7DA95A00D1FC85 /* Project object */;
}
